
Microsoft Visual Studio Solution File, Format Version 12.00
# Visual Studio Version 17
VisualStudioVersion = 17.8.34330.188
MinimumVisualStudioVersion = 10.0.40219.1
Project("{FAE04EC0-301F-11D3-BF4B-00C04F79EFBC}") = "betaSahif", "betaSahif\betaSahif.csproj", "{BE52C8CA-AA4D-4919-9F4E-8BB035DEF046}"
EndProject
Global
	GlobalSection(SolutionConfigurationPlatforms) = preSolution
		Debug|Any CPU = Debug|Any CPU
		Release|Any CPU = Release|Any CPU
	EndGlobalSection
	GlobalSection(ProjectConfigurationPlatforms) = postSolution
		{BE52C8CA-AA4D-4919-9F4E-8BB035DEF046}.Debug|Any CPU.ActiveCfg = Debug|Any CPU
		{BE52C8CA-AA4D-4919-9F4E-8BB035DEF046}.Debug|Any CPU.Build.0 = Debug|Any CPU
		{BE52C8CA-AA4D-4919-9F4E-8BB035DEF046}.Release|Any CPU.ActiveCfg = Release|Any CPU
		{BE52C8CA-AA4D-4919-9F4E-8BB035DEF046}.Release|Any CPU.Build.0 = Release|Any CPU
	EndGlobalSection
	GlobalSection(SolutionProperties) = preSolution
		HideSolutionNode = FALSE
	EndGlobalSection
	GlobalSection(ExtensibilityGlobals) = postSolution
		SolutionGuid = {FE6950A3-241B-47CF-A3C0-47678D1417FA}
	EndGlobalSection
EndGlobal
